<?xml version="1.0" encoding="utf-8"?>
<Project ToolsVersion="4.0" xmlns="http://schemas.microsoft.com/developer/msbuild/2003">
  <ItemGroup>
    <ClCompile Include="Source\Scene\Impl\ExecuteIndirect.cpp" />
    <ClCompile Include="Source\Scene\Impl\RenderSamplingTexture.cpp" />
    <ClCompile Include="Source\Scene\Impl\RenderWhiteModel.cpp" />
    <ClCompile Include="Source\DX12\D3D12ExecuteIndirect.cpp" />
    <ClCompile Include="Source\DX12\DXSample.cpp" />
    <ClCompile Include="Source\DX12\Win32Application.cpp" />
    <ClCompile Include="Source\main.cpp">
      <Filter>Source</Filter>
    </ClCompile>
    <ClCompile Include="Source\stdafx.cpp">
      <Filter>Source</Filter>
    </ClCompile>
  </ItemGroup>
  <ItemGroup>
    <Filter Include="Resources">
      <UniqueIdentifier>{6699ae57-0943-47a5-9d6c-c785e973c5d4}</UniqueIdentifier>
    </Filter>
    <Filter Include="Resources\Shaders">
      <UniqueIdentifier>{6b45de9c-d823-49e2-9b51-417d6be633a5}</UniqueIdentifier>
    </Filter>
    <Filter Include="Source">
      <UniqueIdentifier>{bce34629-d58d-45c5-98da-e5d2790f71c5}</UniqueIdentifier>
    </Filter>
  </ItemGroup>
  <ItemGroup>
    <ClInclude Include="Source\Scene\Impl\ExecuteIndirect.h" />
    <ClInclude Include="Source\Scene\Impl\RenderSamplingTexture.h" />
    <ClInclude Include="Source\Scene\Impl\RenderWhiteModel.h" />
    <ClInclude Include="Source\DX12\D3D12ExecuteIndirect.h" />
    <ClInclude Include="Source\DX12\d3dx12.h" />
    <ClInclude Include="Source\DX12\DXSample.h" />
    <ClInclude Include="Source\DX12\DXSampleHelper.h" />
    <ClInclude Include="Source\DX12\Win32Application.h" />
    <ClInclude Include="Source\stdafx.h">
      <Filter>Source</Filter>
    </ClInclude>
    <ClInclude Include="Source\targetver.h" />
  </ItemGroup>
  <ItemGroup>
    <FxCompile Include="Resources\Shader\PixelShader.hlsl" />
    <FxCompile Include="Resources\Shader\VertexShader.hlsl" />
    <FxCompile Include="Resources\Shader\PixelShader2.hlsl" />
    <FxCompile Include="Resources\Shader\2D\Texture2D_VS.hlsl" />
    <FxCompile Include="Resources\Shader\2D\Texture2D_PS.hlsl" />
    <FxCompile Include="Resources\Shader\3D\Only_Position_VS.hlsl" />
    <FxCompile Include="Resources\Shader\3D\Only_Position_PS.hlsl" />
    <FxCompile Include="Resources\Shader\3D\Pos_UV_VS.hlsl" />
    <FxCompile Include="Resources\Shader\3D\Pos_UV_PS.hlsl" />
  </ItemGroup>
  <ItemGroup>
    <None Include="Resources\Shader\Utility\ShaderDefine.hlsli" />
    <None Include="Resources\Shader\Utility\UtilFunc.hlsli" />
    <None Include="Resources\Shader\compute.hlsl" />
    <None Include="Resources\Shader\shaders.hlsl" />
  </ItemGroup>
</Project>