<?xml version="1.0" encoding="utf-8"?>
<Project ToolsVersion="4.0" xmlns="http://schemas.microsoft.com/developer/msbuild/2003">
  <ItemGroup>
    <ClCompile Include="$(MSBuildThisFileDirectory)Math\IntVector2.cpp" />
    <ClCompile Include="$(MSBuildThisFileDirectory)Math\MathUtility.cpp" />
    <ClCompile Include="$(MSBuildThisFileDirectory)Math\Matrix3x3.cpp" />
    <ClCompile Include="$(MSBuildThisFileDirectory)Math\Matrix4x4.cpp" />
    <ClCompile Include="$(MSBuildThisFileDirectory)Math\Quaternion.cpp" />
    <ClCompile Include="$(MSBuildThisFileDirectory)Math\Rect.cpp" />
    <ClCompile Include="$(MSBuildThisFileDirectory)Math\Vector2.cpp" />
    <ClCompile Include="$(MSBuildThisFileDirectory)Math\Vector3.cpp" />
    <ClCompile Include="$(MSBuildThisFileDirectory)Math\Vector4.cpp" />
    <ClCompile Include="$(MSBuildThisFileDirectory)Utility\Debug.cpp" />
    <ClCompile Include="$(MSBuildThisFileDirectory)Window\Procedure\CloseProc.cpp" />
    <ClCompile Include="$(MSBuildThisFileDirectory)Window\Procedure\DestroyProc.cpp" />
    <ClCompile Include="$(MSBuildThisFileDirectory)Window\Window.cpp" />
    <ClCompile Include="$(MSBuildThisFileDirectory)Window\WindowProcedures.cpp" />
    <ClCompile Include="$(MSBuildThisFileDirectory)Utility\IO\ByteReader.cpp" />
    <ClCompile Include="$(MSBuildThisFileDirectory)Define\Config.cpp" />
    <ClCompile Include="$(MSBuildThisFileDirectory)Utility\FPS.cpp" />
    <ClCompile Include="$(MSBuildThisFileDirectory)Utility\Time.cpp" />
    <ClCompile Include="$(MSBuildThisFileDirectory)Input\InputManager.cpp" />
    <ClCompile Include="$(MSBuildThisFileDirectory)Input\Joystick.cpp" />
    <ClCompile Include="$(MSBuildThisFileDirectory)Input\Keyboard.cpp" />
    <ClCompile Include="$(MSBuildThisFileDirectory)Input\Mouse.cpp" />
    <ClCompile Include="$(MSBuildThisFileDirectory)Device\GameDevice.cpp" />
    <ClCompile Include="$(MSBuildThisFileDirectory)Game.cpp" />
    <ClCompile Include="$(MSBuildThisFileDirectory)Define\Path.cpp" />
    <ClCompile Include="$(MSBuildThisFileDirectory)Graphics\Color4.cpp" />
    <ClCompile Include="$(MSBuildThisFileDirectory)Utility\IO\TextureLoader.cpp" />
    <ClCompile Include="$(MSBuildThisFileDirectory)Graphics\DX12\DX12Manager.cpp" />
    <ClCompile Include="$(MSBuildThisFileDirectory)Graphics\DX12\DXInterfaceAccessor.cpp" />
    <ClCompile Include="$(MSBuildThisFileDirectory)Graphics\DX12\Resource\IndexBuffer.cpp" />
    <ClCompile Include="$(MSBuildThisFileDirectory)Graphics\DX12\Resource\VertexBuffer.cpp" />
    <ClCompile Include="$(MSBuildThisFileDirectory)Graphics\DX12\Resource\Texture.cpp" />
    <ClCompile Include="$(MSBuildThisFileDirectory)Graphics\DX12\Resource\ConstantBuffer.cpp" />
    <ClCompile Include="$(MSBuildThisFileDirectory)Utility\IO\ShaderReader.cpp" />
    <ClCompile Include="$(MSBuildThisFileDirectory)Graphics\DX12\Render\RootSignature.cpp" />
    <ClCompile Include="$(MSBuildThisFileDirectory)Graphics\DX12\Render\Pipeline.cpp" />
  </ItemGroup>
  <ItemGroup>
    <ClInclude Include="$(MSBuildThisFileDirectory)Math\IntVector2.h" />
    <ClInclude Include="$(MSBuildThisFileDirectory)Math\MathUtility.h" />
    <ClInclude Include="$(MSBuildThisFileDirectory)Math\Matrix3x3.h" />
    <ClInclude Include="$(MSBuildThisFileDirectory)Math\Matrix4x4.h" />
    <ClInclude Include="$(MSBuildThisFileDirectory)Math\Primitive2D.h" />
    <ClInclude Include="$(MSBuildThisFileDirectory)Math\Quaternion.h" />
    <ClInclude Include="$(MSBuildThisFileDirectory)Math\Rect.h" />
    <ClInclude Include="$(MSBuildThisFileDirectory)Math\Vector2.h" />
    <ClInclude Include="$(MSBuildThisFileDirectory)Math\Vector3.h" />
    <ClInclude Include="$(MSBuildThisFileDirectory)Math\Vector4.h" />
    <ClInclude Include="$(MSBuildThisFileDirectory)Utility\Debug.h" />
    <ClInclude Include="$(MSBuildThisFileDirectory)Utility\Singleton.h" />
    <ClInclude Include="$(MSBuildThisFileDirectory)Utility\StringBuilder.h" />
    <ClInclude Include="$(MSBuildThisFileDirectory)Math\Primitive\Circle2D.h" />
    <ClInclude Include="$(MSBuildThisFileDirectory)Math\Primitive\Line2D.h" />
    <ClInclude Include="$(MSBuildThisFileDirectory)Math\Primitive\Segment2D.h" />
    <ClInclude Include="$(MSBuildThisFileDirectory)Math\Primitive\AABB2D.h" />
    <ClInclude Include="$(MSBuildThisFileDirectory)Math\Primitive\OBB2D.h" />
    <ClInclude Include="$(MSBuildThisFileDirectory)Math\Primitive\Capsule2D.h" />
    <ClInclude Include="$(MSBuildThisFileDirectory)Utility\Property.h" />
    <ClInclude Include="$(MSBuildThisFileDirectory)Window\Procedure\CloseProc.h" />
    <ClInclude Include="$(MSBuildThisFileDirectory)Window\Procedure\DestroyProc.h" />
    <ClInclude Include="$(MSBuildThisFileDirectory)Window\Procedure\IWindowProc.h" />
    <ClInclude Include="$(MSBuildThisFileDirectory)Window\Window.h" />
    <ClInclude Include="$(MSBuildThisFileDirectory)Window\WindowProcedures.h" />
    <ClInclude Include="$(MSBuildThisFileDirectory)Utility\IO\ByteReader.h" />
    <ClInclude Include="$(MSBuildThisFileDirectory)Define\Config.h" />
    <ClInclude Include="$(MSBuildThisFileDirectory)Utility\Typedef.h" />
    <ClInclude Include="$(MSBuildThisFileDirectory)Utility\Time.h" />
    <ClInclude Include="$(MSBuildThisFileDirectory)Utility\FPS.h" />
    <ClInclude Include="$(MSBuildThisFileDirectory)Input\ButtonID.h" />
    <ClInclude Include="$(MSBuildThisFileDirectory)Input\ControllerUtil.h" />
    <ClInclude Include="$(MSBuildThisFileDirectory)Input\ID.h" />
    <ClInclude Include="$(MSBuildThisFileDirectory)Input\InputManager.h" />
    <ClInclude Include="$(MSBuildThisFileDirectory)Input\Joystick.h" />
    <ClInclude Include="$(MSBuildThisFileDirectory)Input\Keyboard.h" />
    <ClInclude Include="$(MSBuildThisFileDirectory)Input\KeyCode.h" />
    <ClInclude Include="$(MSBuildThisFileDirectory)Input\Mouse.h" />
    <ClInclude Include="$(MSBuildThisFileDirectory)Device\GameDevice.h" />
    <ClInclude Include="$(MSBuildThisFileDirectory)Game.h" />
    <ClInclude Include="$(MSBuildThisFileDirectory)Define\Path.h" />
    <ClInclude Include="$(MSBuildThisFileDirectory)Graphics\Color4.h" />
    <ClInclude Include="$(MSBuildThisFileDirectory)Utility\Resource\ResourceManager.h" />
    <ClInclude Include="$(MSBuildThisFileDirectory)Utility\IO\TextureLoader.h" />
    <ClInclude Include="$(MSBuildThisFileDirectory)Graphics\DX12\DX12Manager.h" />
    <ClInclude Include="$(MSBuildThisFileDirectory)Graphics\DX12\Helper.h" />
    <ClInclude Include="$(MSBuildThisFileDirectory)Graphics\DX12\DXInterfaceAccessor.h" />
    <ClInclude Include="$(MSBuildThisFileDirectory)Graphics\DX12\Resource\IndexBuffer.h" />
    <ClInclude Include="$(MSBuildThisFileDirectory)Graphics\DX12\Resource\VertexBuffer.h" />
    <ClInclude Include="$(MSBuildThisFileDirectory)Graphics\DX12\Resource\Texture.h" />
    <ClInclude Include="$(MSBuildThisFileDirectory)Graphics\DX12\Resource\ConstantBuffer.h" />
    <ClInclude Include="$(MSBuildThisFileDirectory)Graphics\DX12\Render\RootSignature.h" />
    <ClInclude Include="$(MSBuildThisFileDirectory)Utility\IO\ShaderReader.h" />
    <ClInclude Include="$(MSBuildThisFileDirectory)Graphics\DX12\RegisterNumCounter.h" />
    <ClInclude Include="$(MSBuildThisFileDirectory)Graphics\DX12\Render\Pipeline.h" />
  </ItemGroup>
</Project>